
Microsoft Visual Studio Solution File, Format Version 12.00
# Visual Studio Version 16
VisualStudioVersion = 16.0.31702.278
MinimumVisualStudioVersion = 10.0.40219.1
Project("{FAE04EC0-301F-11D3-BF4B-00C04F79EFBC}") = "WFA-POO1", "WFA-POO1\WFA-POO1.csproj", "{61EF470A-25ED-4F72-AC06-6BB4E83B0F6F}"
EndProject
Global
	GlobalSection(SolutionConfigurationPlatforms) = preSolution
		Debug|Any CPU = Debug|Any CPU
		Release|Any CPU = Release|Any CPU
	EndGlobalSection
	GlobalSection(ProjectConfigurationPlatforms) = postSolution
		{61EF470A-25ED-4F72-AC06-6BB4E83B0F6F}.Debug|Any CPU.ActiveCfg = Debug|Any CPU
		{61EF470A-25ED-4F72-AC06-6BB4E83B0F6F}.Debug|Any CPU.Build.0 = Debug|Any CPU
		{61EF470A-25ED-4F72-AC06-6BB4E83B0F6F}.Release|Any CPU.ActiveCfg = Release|Any CPU
		{61EF470A-25ED-4F72-AC06-6BB4E83B0F6F}.Release|Any CPU.Build.0 = Release|Any CPU
	EndGlobalSection
	GlobalSection(SolutionProperties) = preSolution
		HideSolutionNode = FALSE
	EndGlobalSection
	GlobalSection(ExtensibilityGlobals) = postSolution
		SolutionGuid = {DC105534-7805-4C05-BEC1-39B796F0CFA5}
	EndGlobalSection
EndGlobal
